
Microsoft Visual Studio Solution File, Format Version 12.00
Project("{FAE04EC0-301F-11D3-BF4B-00C04F79EFBC}") = "modul7_kelompok_1", "modul7_kelompok_1\modul7_kelompok_1.csproj", "{2CEA1D48-BA5F-4172-8FD5-65B424B6BF98}"
EndProject
Global
	GlobalSection(SolutionConfigurationPlatforms) = preSolution
		Debug|Any CPU = Debug|Any CPU
		Release|Any CPU = Release|Any CPU
	EndGlobalSection
	GlobalSection(ProjectConfigurationPlatforms) = postSolution
		{2CEA1D48-BA5F-4172-8FD5-65B424B6BF98}.Debug|Any CPU.ActiveCfg = Debug|Any CPU
		{2CEA1D48-BA5F-4172-8FD5-65B424B6BF98}.Debug|Any CPU.Build.0 = Debug|Any CPU
		{2CEA1D48-BA5F-4172-8FD5-65B424B6BF98}.Release|Any CPU.ActiveCfg = Release|Any CPU
		{2CEA1D48-BA5F-4172-8FD5-65B424B6BF98}.Release|Any CPU.Build.0 = Release|Any CPU
	EndGlobalSection
EndGlobal
